# This file is automatically @generated by Cargo.
# It is not intended for manual editing.
version = 4

[[package]]
name = "application"
version = "0.1.0"
dependencies = [
 "domain-audit",
 "domain-authorization",
 "domain-configuration",
 "domain-identity",
 "domain-organization",
 "domain-resource",
 "foundation",
 "message-api",
 "storage-api",
]

[[package]]
name = "domain-audit"
version = "0.1.0"
dependencies = [
 "foundation",
]

[[package]]
name = "domain-authorization"
version = "0.1.0"
dependencies = [
 "foundation",
]

[[package]]
name = "domain-configuration"
version = "0.1.0"
dependencies = [
 "foundation",
]

[[package]]
name = "domain-identity"
version = "0.1.0"
dependencies = [
 "foundation",
]

[[package]]
name = "domain-organization"
version = "0.1.0"
dependencies = [
 "foundation",
]

[[package]]
name = "domain-resource"
version = "0.1.0"
dependencies = [
 "foundation",
]

[[package]]
name = "foundation"
version = "0.1.0"

[[package]]
name = "http-api"
version = "0.1.0"
dependencies = [
 "application",
 "foundation",
]

[[package]]
name = "message-api"
version = "0.1.0"
dependencies = [
 "foundation",
]

[[package]]
name = "message-local"
version = "0.1.0"
dependencies = [
 "foundation",
 "message-api",
]

[[package]]
name = "migration-cli"
version = "0.1.0"
dependencies = [
 "application",
 "foundation",
 "message-local",
 "storage-postgres",
]

[[package]]
name = "observability"
version = "0.1.0"
dependencies = [
 "foundation",
]

[[package]]
name = "security-platform"
version = "0.1.0"
dependencies = [
 "application",
 "foundation",
 "http-api",
 "observability",
]

[[package]]
name = "storage-api"
version = "0.1.0"
dependencies = [
 "foundation",
]

[[package]]
name = "storage-postgres"
version = "0.1.0"
dependencies = [
 "foundation",
 "storage-api",
]
